
Microsoft Visual Studio Solution File, Format Version 12.00
# Visual Studio Version 17
VisualStudioVersion = 17.3.32825.248
MinimumVisualStudioVersion = 10.0.40219.1
Project("{FAE04EC0-301F-11D3-BF4B-00C04F79EFBC}") = "TestsWpfApp", "TestsWpfApp.csproj", "{86D8E308-D81E-4910-AB66-C3FAEE5D5B65}"
EndProject
Global
	GlobalSection(SolutionConfigurationPlatforms) = preSolution
		Debug|Any CPU = Debug|Any CPU
		Release|Any CPU = Release|Any CPU
	EndGlobalSection
	GlobalSection(ProjectConfigurationPlatforms) = postSolution
		{86D8E308-D81E-4910-AB66-C3FAEE5D5B65}.Debug|Any CPU.ActiveCfg = Debug|Any CPU
		{86D8E308-D81E-4910-AB66-C3FAEE5D5B65}.Debug|Any CPU.Build.0 = Debug|Any CPU
		{86D8E308-D81E-4910-AB66-C3FAEE5D5B65}.Release|Any CPU.ActiveCfg = Release|Any CPU
		{86D8E308-D81E-4910-AB66-C3FAEE5D5B65}.Release|Any CPU.Build.0 = Release|Any CPU
	EndGlobalSection
	GlobalSection(SolutionProperties) = preSolution
		HideSolutionNode = FALSE
	EndGlobalSection
	GlobalSection(ExtensibilityGlobals) = postSolution
		SolutionGuid = {4816525A-7EBE-400D-A7FC-1CCEE73160A8}
	EndGlobalSection
EndGlobal
